
Microsoft Visual Studio Solution File, Format Version 12.00
# Visual Studio Version 17
VisualStudioVersion = 17.4.33213.308
MinimumVisualStudioVersion = 10.0.40219.1
Project("{FAE04EC0-301F-11D3-BF4B-00C04F79EFBC}") = "CognitiveComplexity.Examples", "CognitiveComplexity.Examples\CognitiveComplexity.Examples.csproj", "{E39260D9-3D99-47A4-8728-1873CA319915}"
EndProject
Global
	GlobalSection(SolutionConfigurationPlatforms) = preSolution
		Debug|Any CPU = Debug|Any CPU
		Release|Any CPU = Release|Any CPU
	EndGlobalSection
	GlobalSection(ProjectConfigurationPlatforms) = postSolution
		{E39260D9-3D99-47A4-8728-1873CA319915}.Debug|Any CPU.ActiveCfg = Debug|Any CPU
		{E39260D9-3D99-47A4-8728-1873CA319915}.Debug|Any CPU.Build.0 = Debug|Any CPU
		{E39260D9-3D99-47A4-8728-1873CA319915}.Release|Any CPU.ActiveCfg = Release|Any CPU
		{E39260D9-3D99-47A4-8728-1873CA319915}.Release|Any CPU.Build.0 = Release|Any CPU
	EndGlobalSection
	GlobalSection(SolutionProperties) = preSolution
		HideSolutionNode = FALSE
	EndGlobalSection
	GlobalSection(ExtensibilityGlobals) = postSolution
		SolutionGuid = {4562F0DA-A4AA-4F26-87CE-4339DB2114B3}
	EndGlobalSection
EndGlobal
